
Microsoft Visual Studio Solution File, Format Version 12.00
# Visual Studio Version 17
VisualStudioVersion = 17.5.33424.131
MinimumVisualStudioVersion = 10.0.40219.1
Project("{FAE04EC0-301F-11D3-BF4B-00C04F79EFBC}") = "App batalla naval Eduardo", "App batalla naval Eduardo.csproj", "{1F6A9AF8-93D9-412D-B29D-B0F736403574}"
EndProject
Global
	GlobalSection(SolutionConfigurationPlatforms) = preSolution
		Debug|Any CPU = Debug|Any CPU
		Release|Any CPU = Release|Any CPU
	EndGlobalSection
	GlobalSection(ProjectConfigurationPlatforms) = postSolution
		{1F6A9AF8-93D9-412D-B29D-B0F736403574}.Debug|Any CPU.ActiveCfg = Debug|Any CPU
		{1F6A9AF8-93D9-412D-B29D-B0F736403574}.Debug|Any CPU.Build.0 = Debug|Any CPU
		{1F6A9AF8-93D9-412D-B29D-B0F736403574}.Release|Any CPU.ActiveCfg = Release|Any CPU
		{1F6A9AF8-93D9-412D-B29D-B0F736403574}.Release|Any CPU.Build.0 = Release|Any CPU
	EndGlobalSection
	GlobalSection(SolutionProperties) = preSolution
		HideSolutionNode = FALSE
	EndGlobalSection
	GlobalSection(ExtensibilityGlobals) = postSolution
		SolutionGuid = {0C110053-BCEF-4190-A764-57D7518FEF37}
	EndGlobalSection
EndGlobal
